// !$*UTF8*$!
{
	archiveVersion = 1;
	classes = {
	};
	objectVersion = 46;
	objects = {

/* Begin PBXBuildFile section */
		DB4C0E26143D2F4F0090F5E3 /* Foundation.framework in Frameworks */ = {isa = PBXBuildFile; fileRef = DB4C0E25143D2F4F0090F5E3 /* Foundation.framework */; };
		DB4C0E2C143D2F4F0090F5E3 /* Broker.m in Sources */ = {isa = PBXBuildFile; fileRef = DB4C0E2B143D2F4F0090F5E3 /* Broker.m */; };
		DB4C0E34143D2F4F0090F5E3 /* SenTestingKit.framework in Frameworks */ = {isa = PBXBuildFile; fileRef = DB4C0E33143D2F4F0090F5E3 /* SenTestingKit.framework */; };
		DB4C0E36143D2F4F0090F5E3 /* UIKit.framework in Frameworks */ = {isa = PBXBuildFile; fileRef = DB4C0E35143D2F4F0090F5E3 /* UIKit.framework */; };
		DB4C0E37143D2F4F0090F5E3 /* Foundation.framework in Frameworks */ = {isa = PBXBuildFile; fileRef = DB4C0E25143D2F4F0090F5E3 /* Foundation.framework */; };
		DB4C0E3A143D2F4F0090F5E3 /* libBroker.a in Frameworks */ = {isa = PBXBuildFile; fileRef = DB4C0E22143D2F4F0090F5E3 /* libBroker.a */; };
		DB4C0E40143D2F4F0090F5E3 /* InfoPlist.strings in Resources */ = {isa = PBXBuildFile; fileRef = DB4C0E3E143D2F4F0090F5E3 /* InfoPlist.strings */; };
		DB4C0E43143D2F4F0090F5E3 /* BrokerTests.m in Sources */ = {isa = PBXBuildFile; fileRef = DB4C0E42143D2F4F0090F5E3 /* BrokerTests.m */; };
		DB4C0E56143D334C0090F5E3 /* BKAttributeDescription.h in Headers */ = {isa = PBXBuildFile; fileRef = DB4C0E54143D334C0090F5E3 /* BKAttributeDescription.h */; };
		DB4C0E57143D334C0090F5E3 /* BKAttributeDescription.m in Sources */ = {isa = PBXBuildFile; fileRef = DB4C0E55143D334C0090F5E3 /* BKAttributeDescription.m */; };
		DB4C0E59143D34E50090F5E3 /* CoreData.framework in Frameworks */ = {isa = PBXBuildFile; fileRef = DB4C0E58143D34E50090F5E3 /* CoreData.framework */; };
		DB4C0E5E143D356C0090F5E3 /* JSONKit.h in Headers */ = {isa = PBXBuildFile; fileRef = DB4C0E5C143D356C0090F5E3 /* JSONKit.h */; };
		DB4C0E5F143D356C0090F5E3 /* JSONKit.m in Sources */ = {isa = PBXBuildFile; fileRef = DB4C0E5D143D356C0090F5E3 /* JSONKit.m */; };
		DB4C0E78143D84560090F5E3 /* BKRelationshipDescription.h in Headers */ = {isa = PBXBuildFile; fileRef = DB4C0E76143D84560090F5E3 /* BKRelationshipDescription.h */; };
		DB4C0E79143D84560090F5E3 /* BKRelationshipDescription.m in Sources */ = {isa = PBXBuildFile; fileRef = DB4C0E77143D84560090F5E3 /* BKRelationshipDescription.m */; };
		DBCD6737143F61ED000FD78D /* BKEntityPropertiesMap.h in Headers */ = {isa = PBXBuildFile; fileRef = DBCD6735143F61EC000FD78D /* BKEntityPropertiesMap.h */; };
		DBCD6738143F61ED000FD78D /* BKEntityPropertiesMap.m in Sources */ = {isa = PBXBuildFile; fileRef = DBCD6736143F61EC000FD78D /* BKEntityPropertiesMap.m */; };
		DBFF95C9143D8D80008511EA /* BrokerTestModel.xcdatamodeld in Sources */ = {isa = PBXBuildFile; fileRef = DBFF95C7143D8D80008511EA /* BrokerTestModel.xcdatamodeld */; };
		DBFF95CD143D9060008511EA /* CoreData.framework in Frameworks */ = {isa = PBXBuildFile; fileRef = DB4C0E58143D34E50090F5E3 /* CoreData.framework */; };
		DBFF95D3143E17D9008511EA /* BrokerTestsHelpers.m in Sources */ = {isa = PBXBuildFile; fileRef = DBFF95D2143E17D9008511EA /* BrokerTestsHelpers.m */; };
		DBFF95D5143E187D008511EA /* TestResources.bundle in Resources */ = {isa = PBXBuildFile; fileRef = DBFF95D4143E187D008511EA /* TestResources.bundle */; };
		DBFF95EB143E568C008511EA /* BKEntityPropertiesDescription.h in Headers */ = {isa = PBXBuildFile; fileRef = DBFF95E9143E568C008511EA /* BKEntityPropertiesDescription.h */; };
		DBFF95EC143E568C008511EA /* BKEntityPropertiesDescription.m in Sources */ = {isa = PBXBuildFile; fileRef = DBFF95EA143E568C008511EA /* BKEntityPropertiesDescription.m */; };
/* End PBXBuildFile section */

/* Begin PBXContainerItemProxy section */
		DB4C0E38143D2F4F0090F5E3 /* PBXContainerItemProxy */ = {
			isa = PBXContainerItemProxy;
			containerPortal = DB4C0E17143D2E770090F5E3 /* Project object */;
			proxyType = 1;
			remoteGlobalIDString = DB4C0E21143D2F4F0090F5E3;
			remoteInfo = Broker;
		};
/* End PBXContainerItemProxy section */

/* Begin PBXFileReference section */
		DB4C0E22143D2F4F0090F5E3 /* libBroker.a */ = {isa = PBXFileReference; explicitFileType = archive.ar; includeInIndex = 0; path = libBroker.a; sourceTree = BUILT_PRODUCTS_DIR; };
		DB4C0E25143D2F4F0090F5E3 /* Foundation.framework */ = {isa = PBXFileReference; lastKnownFileType = wrapper.framework; name = Foundation.framework; path = System/Library/Frameworks/Foundation.framework; sourceTree = SDKROOT; };
		DB4C0E29143D2F4F0090F5E3 /* Broker-Prefix.pch */ = {isa = PBXFileReference; lastKnownFileType = sourcecode.c.h; path = "Broker-Prefix.pch"; sourceTree = "<group>"; };
		DB4C0E2A143D2F4F0090F5E3 /* Broker.h */ = {isa = PBXFileReference; lastKnownFileType = sourcecode.c.h; path = Broker.h; sourceTree = "<group>"; };
		DB4C0E2B143D2F4F0090F5E3 /* Broker.m */ = {isa = PBXFileReference; lastKnownFileType = sourcecode.c.objc; path = Broker.m; sourceTree = "<group>"; };
		DB4C0E32143D2F4F0090F5E3 /* BrokerTests.octest */ = {isa = PBXFileReference; explicitFileType = wrapper.cfbundle; includeInIndex = 0; path = BrokerTests.octest; sourceTree = BUILT_PRODUCTS_DIR; };
		DB4C0E33143D2F4F0090F5E3 /* SenTestingKit.framework */ = {isa = PBXFileReference; lastKnownFileType = wrapper.framework; name = SenTestingKit.framework; path = Library/Frameworks/SenTestingKit.framework; sourceTree = DEVELOPER_DIR; };
		DB4C0E35143D2F4F0090F5E3 /* UIKit.framework */ = {isa = PBXFileReference; lastKnownFileType = wrapper.framework; name = UIKit.framework; path = Library/Frameworks/UIKit.framework; sourceTree = DEVELOPER_DIR; };
		DB4C0E3D143D2F4F0090F5E3 /* BrokerTests-Info.plist */ = {isa = PBXFileReference; lastKnownFileType = text.plist.xml; path = "BrokerTests-Info.plist"; sourceTree = "<group>"; };
		DB4C0E3F143D2F4F0090F5E3 /* en */ = {isa = PBXFileReference; lastKnownFileType = text.plist.strings; name = en; path = en.lproj/InfoPlist.strings; sourceTree = "<group>"; };
		DB4C0E41143D2F4F0090F5E3 /* BrokerTests.h */ = {isa = PBXFileReference; lastKnownFileType = sourcecode.c.h; path = BrokerTests.h; sourceTree = "<group>"; };
		DB4C0E42143D2F4F0090F5E3 /* BrokerTests.m */ = {isa = PBXFileReference; lastKnownFileType = sourcecode.c.objc; path = BrokerTests.m; sourceTree = "<group>"; };
		DB4C0E54143D334C0090F5E3 /* BKAttributeDescription.h */ = {isa = PBXFileReference; fileEncoding = 4; lastKnownFileType = sourcecode.c.h; path = BKAttributeDescription.h; sourceTree = "<group>"; };
		DB4C0E55143D334C0090F5E3 /* BKAttributeDescription.m */ = {isa = PBXFileReference; fileEncoding = 4; lastKnownFileType = sourcecode.c.objc; path = BKAttributeDescription.m; sourceTree = "<group>"; };
		DB4C0E58143D34E50090F5E3 /* CoreData.framework */ = {isa = PBXFileReference; lastKnownFileType = wrapper.framework; name = CoreData.framework; path = System/Library/Frameworks/CoreData.framework; sourceTree = SDKROOT; };
		DB4C0E5C143D356C0090F5E3 /* JSONKit.h */ = {isa = PBXFileReference; fileEncoding = 4; lastKnownFileType = sourcecode.c.h; name = JSONKit.h; path = Vendors/JSONKit/JSONKit.h; sourceTree = "<group>"; };
		DB4C0E5D143D356C0090F5E3 /* JSONKit.m */ = {isa = PBXFileReference; fileEncoding = 4; lastKnownFileType = sourcecode.c.objc; name = JSONKit.m; path = Vendors/JSONKit/JSONKit.m; sourceTree = "<group>"; };
		DB4C0E76143D84560090F5E3 /* BKRelationshipDescription.h */ = {isa = PBXFileReference; fileEncoding = 4; lastKnownFileType = sourcecode.c.h; path = BKRelationshipDescription.h; sourceTree = "<group>"; };
		DB4C0E77143D84560090F5E3 /* BKRelationshipDescription.m */ = {isa = PBXFileReference; fileEncoding = 4; lastKnownFileType = sourcecode.c.objc; path = BKRelationshipDescription.m; sourceTree = "<group>"; };
		DBCD6735143F61EC000FD78D /* BKEntityPropertiesMap.h */ = {isa = PBXFileReference; fileEncoding = 4; lastKnownFileType = sourcecode.c.h; path = BKEntityPropertiesMap.h; sourceTree = "<group>"; };
		DBCD6736143F61EC000FD78D /* BKEntityPropertiesMap.m */ = {isa = PBXFileReference; fileEncoding = 4; lastKnownFileType = sourcecode.c.objc; path = BKEntityPropertiesMap.m; sourceTree = "<group>"; };
		DBFF95C8143D8D80008511EA /* BrokerTestModel.xcdatamodel */ = {isa = PBXFileReference; lastKnownFileType = wrapper.xcdatamodel; path = BrokerTestModel.xcdatamodel; sourceTree = "<group>"; };
		DBFF95D1143E17D9008511EA /* BrokerTestsHelpers.h */ = {isa = PBXFileReference; fileEncoding = 4; lastKnownFileType = sourcecode.c.h; path = BrokerTestsHelpers.h; sourceTree = "<group>"; };
		DBFF95D2143E17D9008511EA /* BrokerTestsHelpers.m */ = {isa = PBXFileReference; fileEncoding = 4; lastKnownFileType = sourcecode.c.objc; path = BrokerTestsHelpers.m; sourceTree = "<group>"; };
		DBFF95D4143E187D008511EA /* TestResources.bundle */ = {isa = PBXFileReference; lastKnownFileType = "wrapper.plug-in"; path = TestResources.bundle; sourceTree = "<group>"; };
		DBFF95E9143E568C008511EA /* BKEntityPropertiesDescription.h */ = {isa = PBXFileReference; fileEncoding = 4; lastKnownFileType = sourcecode.c.h; path = BKEntityPropertiesDescription.h; sourceTree = "<group>"; };
		DBFF95EA143E568C008511EA /* BKEntityPropertiesDescription.m */ = {isa = PBXFileReference; fileEncoding = 4; lastKnownFileType = sourcecode.c.objc; path = BKEntityPropertiesDescription.m; sourceTree = "<group>"; };
/* End PBXFileReference section */

/* Begin PBXFrameworksBuildPhase section */
		DB4C0E1F143D2F4F0090F5E3 /* Frameworks */ = {
			isa = PBXFrameworksBuildPhase;
			buildActionMask = 2147483647;
			files = (
				DB4C0E59143D34E50090F5E3 /* CoreData.framework in Frameworks */,
				DB4C0E26143D2F4F0090F5E3 /* Foundation.framework in Frameworks */,
			);
			runOnlyForDeploymentPostprocessing = 0;
		};
		DB4C0E2E143D2F4F0090F5E3 /* Frameworks */ = {
			isa = PBXFrameworksBuildPhase;
			buildActionMask = 2147483647;
			files = (
				DBFF95CD143D9060008511EA /* CoreData.framework in Frameworks */,
				DB4C0E34143D2F4F0090F5E3 /* SenTestingKit.framework in Frameworks */,
				DB4C0E36143D2F4F0090F5E3 /* UIKit.framework in Frameworks */,
				DB4C0E37143D2F4F0090F5E3 /* Foundation.framework in Frameworks */,
				DB4C0E3A143D2F4F0090F5E3 /* libBroker.a in Frameworks */,
			);
			runOnlyForDeploymentPostprocessing = 0;
		};
/* End PBXFrameworksBuildPhase section */

/* Begin PBXGroup section */
		DB4C0E15143D2E770090F5E3 = {
			isa = PBXGroup;
			children = (
				DB4C0E27143D2F4F0090F5E3 /* Broker */,
				DB4C0E3B143D2F4F0090F5E3 /* BrokerTests */,
				DB4C0E24143D2F4F0090F5E3 /* Frameworks */,
				DB4C0E23143D2F4F0090F5E3 /* Products */,
				DB4C0E5A143D34FE0090F5E3 /* Vendors */,
			);
			sourceTree = "<group>";
		};
		DB4C0E23143D2F4F0090F5E3 /* Products */ = {
			isa = PBXGroup;
			children = (
				DB4C0E22143D2F4F0090F5E3 /* libBroker.a */,
				DB4C0E32143D2F4F0090F5E3 /* BrokerTests.octest */,
			);
			name = Products;
			sourceTree = "<group>";
		};
		DB4C0E24143D2F4F0090F5E3 /* Frameworks */ = {
			isa = PBXGroup;
			children = (
				DB4C0E58143D34E50090F5E3 /* CoreData.framework */,
				DB4C0E25143D2F4F0090F5E3 /* Foundation.framework */,
				DB4C0E33143D2F4F0090F5E3 /* SenTestingKit.framework */,
				DB4C0E35143D2F4F0090F5E3 /* UIKit.framework */,
			);
			name = Frameworks;
			sourceTree = "<group>";
		};
		DB4C0E27143D2F4F0090F5E3 /* Broker */ = {
			isa = PBXGroup;
			children = (
				DB4C0E2A143D2F4F0090F5E3 /* Broker.h */,
				DB4C0E2B143D2F4F0090F5E3 /* Broker.m */,
				DBFF95E9143E568C008511EA /* BKEntityPropertiesDescription.h */,
				DBFF95EA143E568C008511EA /* BKEntityPropertiesDescription.m */,
				DB4C0E54143D334C0090F5E3 /* BKAttributeDescription.h */,
				DB4C0E55143D334C0090F5E3 /* BKAttributeDescription.m */,
				DB4C0E76143D84560090F5E3 /* BKRelationshipDescription.h */,
				DB4C0E77143D84560090F5E3 /* BKRelationshipDescription.m */,
				DBCD6735143F61EC000FD78D /* BKEntityPropertiesMap.h */,
				DBCD6736143F61EC000FD78D /* BKEntityPropertiesMap.m */,
				DB4C0E28143D2F4F0090F5E3 /* Supporting Files */,
			);
			path = Broker;
			sourceTree = "<group>";
		};
		DB4C0E28143D2F4F0090F5E3 /* Supporting Files */ = {
			isa = PBXGroup;
			children = (
				DB4C0E29143D2F4F0090F5E3 /* Broker-Prefix.pch */,
			);
			name = "Supporting Files";
			sourceTree = "<group>";
		};
		DB4C0E3B143D2F4F0090F5E3 /* BrokerTests */ = {
			isa = PBXGroup;
			children = (
				DB4C0E41143D2F4F0090F5E3 /* BrokerTests.h */,
				DB4C0E42143D2F4F0090F5E3 /* BrokerTests.m */,
				DBFF95D1143E17D9008511EA /* BrokerTestsHelpers.h */,
				DBFF95D2143E17D9008511EA /* BrokerTestsHelpers.m */,
				DBFF95C7143D8D80008511EA /* BrokerTestModel.xcdatamodeld */,
				DBFF95D4143E187D008511EA /* TestResources.bundle */,
				DB4C0E3C143D2F4F0090F5E3 /* Supporting Files */,
			);
			path = BrokerTests;
			sourceTree = "<group>";
		};
		DB4C0E3C143D2F4F0090F5E3 /* Supporting Files */ = {
			isa = PBXGroup;
			children = (
				DB4C0E3D143D2F4F0090F5E3 /* BrokerTests-Info.plist */,
				DB4C0E3E143D2F4F0090F5E3 /* InfoPlist.strings */,
			);
			name = "Supporting Files";
			sourceTree = "<group>";
		};
		DB4C0E5A143D34FE0090F5E3 /* Vendors */ = {
			isa = PBXGroup;
			children = (
				DB4C0E5B143D35560090F5E3 /* JSONKit */,
			);
			name = Vendors;
			sourceTree = "<group>";
		};
		DB4C0E5B143D35560090F5E3 /* JSONKit */ = {
			isa = PBXGroup;
			children = (
				DB4C0E5C143D356C0090F5E3 /* JSONKit.h */,
				DB4C0E5D143D356C0090F5E3 /* JSONKit.m */,
			);
			name = JSONKit;
			sourceTree = "<group>";
		};
/* End PBXGroup section */

/* Begin PBXHeadersBuildPhase section */
		DB4C0E20143D2F4F0090F5E3 /* Headers */ = {
			isa = PBXHeadersBuildPhase;
			buildActionMask = 2147483647;
			files = (
				DB4C0E56143D334C0090F5E3 /* BKAttributeDescription.h in Headers */,
				DB4C0E5E143D356C0090F5E3 /* JSONKit.h in Headers */,
				DB4C0E78143D84560090F5E3 /* BKRelationshipDescription.h in Headers */,
				DBFF95EB143E568C008511EA /* BKEntityPropertiesDescription.h in Headers */,
				DBCD6737143F61ED000FD78D /* BKEntityPropertiesMap.h in Headers */,
			);
			runOnlyForDeploymentPostprocessing = 0;
		};
/* End PBXHeadersBuildPhase section */

/* Begin PBXNativeTarget section */
		DB4C0E21143D2F4F0090F5E3 /* Broker */ = {
			isa = PBXNativeTarget;
			buildConfigurationList = DB4C0E44143D2F4F0090F5E3 /* Build configuration list for PBXNativeTarget "Broker" */;
			buildPhases = (
				DB4C0E1E143D2F4F0090F5E3 /* Sources */,
				DB4C0E1F143D2F4F0090F5E3 /* Frameworks */,
				DB4C0E20143D2F4F0090F5E3 /* Headers */,
			);
			buildRules = (
			);
			dependencies = (
			);
			name = Broker;
			productName = Broker;
			productReference = DB4C0E22143D2F4F0090F5E3 /* libBroker.a */;
			productType = "com.apple.product-type.library.static";
		};
		DB4C0E31143D2F4F0090F5E3 /* BrokerTests */ = {
			isa = PBXNativeTarget;
			buildConfigurationList = DB4C0E47143D2F4F0090F5E3 /* Build configuration list for PBXNativeTarget "BrokerTests" */;
			buildPhases = (
				DB4C0E2D143D2F4F0090F5E3 /* Sources */,
				DB4C0E2E143D2F4F0090F5E3 /* Frameworks */,
				DB4C0E2F143D2F4F0090F5E3 /* Resources */,
				DB4C0E30143D2F4F0090F5E3 /* ShellScript */,
			);
			buildRules = (
			);
			dependencies = (
				DB4C0E39143D2F4F0090F5E3 /* PBXTargetDependency */,
			);
			name = BrokerTests;
			productName = BrokerTests;
			productReference = DB4C0E32143D2F4F0090F5E3 /* BrokerTests.octest */;
			productType = "com.apple.product-type.bundle";
		};
/* End PBXNativeTarget section */

/* Begin PBXProject section */
		DB4C0E17143D2E770090F5E3 /* Project object */ = {
			isa = PBXProject;
			attributes = {
				LastUpgradeCheck = 0420;
			};
			buildConfigurationList = DB4C0E1A143D2E770090F5E3 /* Build configuration list for PBXProject "Broker" */;
			compatibilityVersion = "Xcode 3.2";
			developmentRegion = English;
			hasScannedForEncodings = 0;
			knownRegions = (
				en,
			);
			mainGroup = DB4C0E15143D2E770090F5E3;
			productRefGroup = DB4C0E23143D2F4F0090F5E3 /* Products */;
			projectDirPath = "";
			projectRoot = "";
			targets = (
				DB4C0E21143D2F4F0090F5E3 /* Broker */,
				DB4C0E31143D2F4F0090F5E3 /* BrokerTests */,
			);
		};
/* End PBXProject section */

/* Begin PBXResourcesBuildPhase section */
		DB4C0E2F143D2F4F0090F5E3 /* Resources */ = {
			isa = PBXResourcesBuildPhase;
			buildActionMask = 2147483647;
			files = (
				DB4C0E40143D2F4F0090F5E3 /* InfoPlist.strings in Resources */,
				DBFF95D5143E187D008511EA /* TestResources.bundle in Resources */,
			);
			runOnlyForDeploymentPostprocessing = 0;
		};
/* End PBXResourcesBuildPhase section */

/* Begin PBXShellScriptBuildPhase section */
		DB4C0E30143D2F4F0090F5E3 /* ShellScript */ = {
			isa = PBXShellScriptBuildPhase;
			buildActionMask = 2147483647;
			files = (
			);
			inputPaths = (
			);
			outputPaths = (
			);
			runOnlyForDeploymentPostprocessing = 0;
			shellPath = /bin/sh;
			shellScript = "# Run the unit tests in this test bundle.\n\"${SYSTEM_DEVELOPER_DIR}/Tools/RunUnitTests\"\n";
		};
/* End PBXShellScriptBuildPhase section */

/* Begin PBXSourcesBuildPhase section */
		DB4C0E1E143D2F4F0090F5E3 /* Sources */ = {
			isa = PBXSourcesBuildPhase;
			buildActionMask = 2147483647;
			files = (
				DB4C0E2C143D2F4F0090F5E3 /* Broker.m in Sources */,
				DB4C0E57143D334C0090F5E3 /* BKAttributeDescription.m in Sources */,
				DB4C0E5F143D356C0090F5E3 /* JSONKit.m in Sources */,
				DB4C0E79143D84560090F5E3 /* BKRelationshipDescription.m in Sources */,
				DBFF95EC143E568C008511EA /* BKEntityPropertiesDescription.m in Sources */,
				DBCD6738143F61ED000FD78D /* BKEntityPropertiesMap.m in Sources */,
			);
			runOnlyForDeploymentPostprocessing = 0;
		};
		DB4C0E2D143D2F4F0090F5E3 /* Sources */ = {
			isa = PBXSourcesBuildPhase;
			buildActionMask = 2147483647;
			files = (
				DB4C0E43143D2F4F0090F5E3 /* BrokerTests.m in Sources */,
				DBFF95C9143D8D80008511EA /* BrokerTestModel.xcdatamodeld in Sources */,
				DBFF95D3143E17D9008511EA /* BrokerTestsHelpers.m in Sources */,
			);
			runOnlyForDeploymentPostprocessing = 0;
		};
/* End PBXSourcesBuildPhase section */

/* Begin PBXTargetDependency section */
		DB4C0E39143D2F4F0090F5E3 /* PBXTargetDependency */ = {
			isa = PBXTargetDependency;
			target = DB4C0E21143D2F4F0090F5E3 /* Broker */;
			targetProxy = DB4C0E38143D2F4F0090F5E3 /* PBXContainerItemProxy */;
		};
/* End PBXTargetDependency section */

/* Begin PBXVariantGroup section */
		DB4C0E3E143D2F4F0090F5E3 /* InfoPlist.strings */ = {
			isa = PBXVariantGroup;
			children = (
				DB4C0E3F143D2F4F0090F5E3 /* en */,
			);
			name = InfoPlist.strings;
			sourceTree = "<group>";
		};
/* End PBXVariantGroup section */

/* Begin XCBuildConfiguration section */
		DB4C0E1C143D2E770090F5E3 /* Debug */ = {
			isa = XCBuildConfiguration;
			buildSettings = {
				SDKROOT = iphoneos;
			};
			name = Debug;
		};
		DB4C0E1D143D2E770090F5E3 /* Release */ = {
			isa = XCBuildConfiguration;
			buildSettings = {
				SDKROOT = iphoneos;
			};
			name = Release;
		};
		DB4C0E45143D2F4F0090F5E3 /* Debug */ = {
			isa = XCBuildConfiguration;
			buildSettings = {
				ALWAYS_SEARCH_USER_PATHS = NO;
				ARCHS = "$(ARCHS_STANDARD_32_BIT)";
				COPY_PHASE_STRIP = NO;
				DSTROOT = /tmp/Broker.dst;
				GCC_C_LANGUAGE_STANDARD = gnu99;
				GCC_DYNAMIC_NO_PIC = NO;
				GCC_OPTIMIZATION_LEVEL = 0;
				GCC_PRECOMPILE_PREFIX_HEADER = YES;
				GCC_PREFIX_HEADER = "Broker/Broker-Prefix.pch";
				GCC_PREPROCESSOR_DEFINITIONS = (
					"DEBUG=1",
					"$(inherited)",
				);
				GCC_SYMBOLS_PRIVATE_EXTERN = NO;
				GCC_VERSION = com.apple.compilers.llvm.clang.1_0;
				GCC_WARN_ABOUT_MISSING_PROTOTYPES = YES;
				GCC_WARN_ABOUT_RETURN_TYPE = YES;
				GCC_WARN_UNUSED_VARIABLE = YES;
				IPHONEOS_DEPLOYMENT_TARGET = 5.0;
				OTHER_LDFLAGS = "-ObjC";
				PRIVATE_HEADERS_FOLDER_PATH = include/Broker/Private;
				PRODUCT_NAME = "$(TARGET_NAME)";
				PUBLIC_HEADERS_FOLDER_PATH = include/Broker;
				SDKROOT = iphoneos;
				SKIP_INSTALL = YES;
			};
			name = Debug;
		};
		DB4C0E46143D2F4F0090F5E3 /* Release */ = {
			isa = XCBuildConfiguration;
			buildSettings = {
				ALWAYS_SEARCH_USER_PATHS = NO;
				ARCHS = "$(ARCHS_STANDARD_32_BIT)";
				COPY_PHASE_STRIP = YES;
				DSTROOT = /tmp/Broker.dst;
				GCC_C_LANGUAGE_STANDARD = gnu99;
				GCC_PRECOMPILE_PREFIX_HEADER = YES;
				GCC_PREFIX_HEADER = "Broker/Broker-Prefix.pch";
				GCC_PREPROCESSOR_DEFINITIONS = "";
				GCC_VERSION = com.apple.compilers.llvm.clang.1_0;
				GCC_WARN_ABOUT_MISSING_PROTOTYPES = YES;
				GCC_WARN_ABOUT_RETURN_TYPE = YES;
				GCC_WARN_UNUSED_VARIABLE = YES;
				IPHONEOS_DEPLOYMENT_TARGET = 5.0;
				OTHER_LDFLAGS = "-ObjC";
				PRIVATE_HEADERS_FOLDER_PATH = include/Broker/Private;
				PRODUCT_NAME = "$(TARGET_NAME)";
				PUBLIC_HEADERS_FOLDER_PATH = include/Broker;
				SDKROOT = iphoneos;
				SKIP_INSTALL = YES;
				VALIDATE_PRODUCT = YES;
			};
			name = Release;
		};
		DB4C0E48143D2F4F0090F5E3 /* Debug */ = {
			isa = XCBuildConfiguration;
			buildSettings = {
				ALWAYS_SEARCH_USER_PATHS = NO;
				ARCHS = "$(ARCHS_STANDARD_32_BIT)";
				COPY_PHASE_STRIP = NO;
				FRAMEWORK_SEARCH_PATHS = (
					"$(SDKROOT)/Developer/Library/Frameworks",
					"$(DEVELOPER_LIBRARY_DIR)/Frameworks",
				);
				GCC_C_LANGUAGE_STANDARD = gnu99;
				GCC_DYNAMIC_NO_PIC = NO;
				GCC_OPTIMIZATION_LEVEL = 0;
				GCC_PRECOMPILE_PREFIX_HEADER = YES;
				GCC_PREFIX_HEADER = "Broker/Broker-Prefix.pch";
				GCC_PREPROCESSOR_DEFINITIONS = (
					"DEBUG=1",
					"$(inherited)",
				);
				GCC_SYMBOLS_PRIVATE_EXTERN = NO;
				GCC_VERSION = com.apple.compilers.llvm.clang.1_0;
				GCC_WARN_ABOUT_MISSING_PROTOTYPES = YES;
				GCC_WARN_ABOUT_RETURN_TYPE = YES;
				GCC_WARN_UNUSED_VARIABLE = YES;
				INFOPLIST_FILE = "BrokerTests/BrokerTests-Info.plist";
				IPHONEOS_DEPLOYMENT_TARGET = 5.0;
				PRODUCT_NAME = "$(TARGET_NAME)";
				SDKROOT = iphoneos;
				WRAPPER_EXTENSION = octest;
			};
			name = Debug;
		};
		DB4C0E49143D2F4F0090F5E3 /* Release */ = {
			isa = XCBuildConfiguration;
			buildSettings = {
				ALWAYS_SEARCH_USER_PATHS = NO;
				ARCHS = "$(ARCHS_STANDARD_32_BIT)";
				COPY_PHASE_STRIP = YES;
				FRAMEWORK_SEARCH_PATHS = (
					"$(SDKROOT)/Developer/Library/Frameworks",
					"$(DEVELOPER_LIBRARY_DIR)/Frameworks",
				);
				GCC_C_LANGUAGE_STANDARD = gnu99;
				GCC_PRECOMPILE_PREFIX_HEADER = YES;
				GCC_PREFIX_HEADER = "Broker/Broker-Prefix.pch";
				GCC_VERSION = com.apple.compilers.llvm.clang.1_0;
				GCC_WARN_ABOUT_MISSING_PROTOTYPES = YES;
				GCC_WARN_ABOUT_RETURN_TYPE = YES;
				GCC_WARN_UNUSED_VARIABLE = YES;
				INFOPLIST_FILE = "BrokerTests/BrokerTests-Info.plist";
				IPHONEOS_DEPLOYMENT_TARGET = 5.0;
				PRODUCT_NAME = "$(TARGET_NAME)";
				SDKROOT = iphoneos;
				VALIDATE_PRODUCT = YES;
				WRAPPER_EXTENSION = octest;
			};
			name = Release;
		};
/* End XCBuildConfiguration section */

/* Begin XCConfigurationList section */
		DB4C0E1A143D2E770090F5E3 /* Build configuration list for PBXProject "Broker" */ = {
			isa = XCConfigurationList;
			buildConfigurations = (
				DB4C0E1C143D2E770090F5E3 /* Debug */,
				DB4C0E1D143D2E770090F5E3 /* Release */,
			);
			defaultConfigurationIsVisible = 0;
			defaultConfigurationName = Release;
		};
		DB4C0E44143D2F4F0090F5E3 /* Build configuration list for PBXNativeTarget "Broker" */ = {
			isa = XCConfigurationList;
			buildConfigurations = (
				DB4C0E45143D2F4F0090F5E3 /* Debug */,
				DB4C0E46143D2F4F0090F5E3 /* Release */,
			);
			defaultConfigurationIsVisible = 0;
			defaultConfigurationName = Release;
		};
		DB4C0E47143D2F4F0090F5E3 /* Build configuration list for PBXNativeTarget "BrokerTests" */ = {
			isa = XCConfigurationList;
			buildConfigurations = (
				DB4C0E48143D2F4F0090F5E3 /* Debug */,
				DB4C0E49143D2F4F0090F5E3 /* Release */,
			);
			defaultConfigurationIsVisible = 0;
			defaultConfigurationName = Release;
		};
/* End XCConfigurationList section */

/* Begin XCVersionGroup section */
		DBFF95C7143D8D80008511EA /* BrokerTestModel.xcdatamodeld */ = {
			isa = XCVersionGroup;
			children = (
				DBFF95C8143D8D80008511EA /* BrokerTestModel.xcdatamodel */,
			);
			currentVersion = DBFF95C8143D8D80008511EA /* BrokerTestModel.xcdatamodel */;
			path = BrokerTestModel.xcdatamodeld;
			sourceTree = "<group>";
			versionGroupType = wrapper.xcdatamodel;
		};
/* End XCVersionGroup section */
	};
	rootObject = DB4C0E17143D2E770090F5E3 /* Project object */;
}
